
Microsoft Visual Studio Solution File, Format Version 12.00
# Visual Studio Version 16
VisualStudioVersion = 16.0.30523.141
MinimumVisualStudioVersion = 10.0.40219.1
Project("{9A19103F-16F7-4668-BE54-9A1E7A4F7556}") = "BackendTalleresHN.API", "BackendTalleresHN.API\BackendTalleresHN.API.csproj", "{111395FF-C675-47F7-B455-A27E4889D05E}"
EndProject
Project("{FAE04EC0-301F-11D3-BF4B-00C04F79EFBC}") = "BackendTalleresHN.Dominio", "BackendTalleresHN.Dominio\BackendTalleresHN.Dominio.csproj", "{B1F591F5-35D5-457D-9B33-95DDB454FC7F}"
EndProject
Project("{FAE04EC0-301F-11D3-BF4B-00C04F79EFBC}") = "BackendTalleresHN.FuenteDatos", "BackendTalleresHN.FuenteDatos\BackendTalleresHN.FuenteDatos.csproj", "{FAEB58FD-8D0E-4395-A05E-307832EC72F3}"
EndProject
Project("{FAE04EC0-301F-11D3-BF4B-00C04F79EFBC}") = "BackendTalleresHN.Logica", "BackendTalleresHN.Logica\BackendTalleresHN.Logica.csproj", "{501C33FF-7CB6-4344-9000-D0C73975BB15}"
EndProject
Project("{FAE04EC0-301F-11D3-BF4B-00C04F79EFBC}") = "BackendTalleresHN.PersistenciaDatos", "BackendTalleresHN.PersistenciaDatos\BackendTalleresHN.PersistenciaDatos.csproj", "{E44CEC7F-A580-409E-91E9-C72985D2CB29}"
EndProject
Project("{FAE04EC0-301F-11D3-BF4B-00C04F79EFBC}") = "BackendTalleresHN.Transversal", "BackendTalleresHN.Transversal\BackendTalleresHN.Transversal.csproj", "{3AAFFB22-B887-4AE5-9D47-96246E4EA3BE}"
EndProject
Global
	GlobalSection(SolutionConfigurationPlatforms) = preSolution
		Debug|Any CPU = Debug|Any CPU
		Release|Any CPU = Release|Any CPU
	EndGlobalSection
	GlobalSection(ProjectConfigurationPlatforms) = postSolution
		{111395FF-C675-47F7-B455-A27E4889D05E}.Debug|Any CPU.ActiveCfg = Debug|Any CPU
		{111395FF-C675-47F7-B455-A27E4889D05E}.Debug|Any CPU.Build.0 = Debug|Any CPU
		{111395FF-C675-47F7-B455-A27E4889D05E}.Release|Any CPU.ActiveCfg = Release|Any CPU
		{111395FF-C675-47F7-B455-A27E4889D05E}.Release|Any CPU.Build.0 = Release|Any CPU
		{B1F591F5-35D5-457D-9B33-95DDB454FC7F}.Debug|Any CPU.ActiveCfg = Debug|Any CPU
		{B1F591F5-35D5-457D-9B33-95DDB454FC7F}.Debug|Any CPU.Build.0 = Debug|Any CPU
		{B1F591F5-35D5-457D-9B33-95DDB454FC7F}.Release|Any CPU.ActiveCfg = Release|Any CPU
		{B1F591F5-35D5-457D-9B33-95DDB454FC7F}.Release|Any CPU.Build.0 = Release|Any CPU
		{FAEB58FD-8D0E-4395-A05E-307832EC72F3}.Debug|Any CPU.ActiveCfg = Debug|Any CPU
		{FAEB58FD-8D0E-4395-A05E-307832EC72F3}.Debug|Any CPU.Build.0 = Debug|Any CPU
		{FAEB58FD-8D0E-4395-A05E-307832EC72F3}.Release|Any CPU.ActiveCfg = Release|Any CPU
		{FAEB58FD-8D0E-4395-A05E-307832EC72F3}.Release|Any CPU.Build.0 = Release|Any CPU
		{501C33FF-7CB6-4344-9000-D0C73975BB15}.Debug|Any CPU.ActiveCfg = Debug|Any CPU
		{501C33FF-7CB6-4344-9000-D0C73975BB15}.Debug|Any CPU.Build.0 = Debug|Any CPU
		{501C33FF-7CB6-4344-9000-D0C73975BB15}.Release|Any CPU.ActiveCfg = Release|Any CPU
		{501C33FF-7CB6-4344-9000-D0C73975BB15}.Release|Any CPU.Build.0 = Release|Any CPU
		{E44CEC7F-A580-409E-91E9-C72985D2CB29}.Debug|Any CPU.ActiveCfg = Debug|Any CPU
		{E44CEC7F-A580-409E-91E9-C72985D2CB29}.Debug|Any CPU.Build.0 = Debug|Any CPU
		{E44CEC7F-A580-409E-91E9-C72985D2CB29}.Release|Any CPU.ActiveCfg = Release|Any CPU
		{E44CEC7F-A580-409E-91E9-C72985D2CB29}.Release|Any CPU.Build.0 = Release|Any CPU
		{3AAFFB22-B887-4AE5-9D47-96246E4EA3BE}.Debug|Any CPU.ActiveCfg = Debug|Any CPU
		{3AAFFB22-B887-4AE5-9D47-96246E4EA3BE}.Debug|Any CPU.Build.0 = Debug|Any CPU
		{3AAFFB22-B887-4AE5-9D47-96246E4EA3BE}.Release|Any CPU.ActiveCfg = Release|Any CPU
		{3AAFFB22-B887-4AE5-9D47-96246E4EA3BE}.Release|Any CPU.Build.0 = Release|Any CPU
	EndGlobalSection
	GlobalSection(SolutionProperties) = preSolution
		HideSolutionNode = FALSE
	EndGlobalSection
	GlobalSection(ExtensibilityGlobals) = postSolution
		SolutionGuid = {31530E11-4CD2-45F1-925A-8A6AE62A0D76}
	EndGlobalSection
EndGlobal
